{
  "nodes": {
    "nixpkgs": {
      "locked": {
        "lastModified": 0,
        "narHash": "sha256-UjZlIrbHGlL3H3HZNPTxPSwJfr49jIfbPWCYxk0EQm4=",
        "path": "/nix/store/zxdl289v07dxcsvwnb202sgmrv97b0nf-source",
        "type": "path"
      },
      "original": {
        "id": "nixpkgs",
        "type": "indirect"
      }
    },
    "root": {
      "inputs": {
        "nixpkgs": "nixpkgs"
      }
    }
  },
  "root": "root",
  "version": 7
}
